
Microsoft Visual Studio Solution File, Format Version 12.00
# Visual Studio Version 17
VisualStudioVersion = 17.14.36408.4 d17.14
MinimumVisualStudioVersion = 10.0.40219.1
Project("{FAE04EC0-301F-11D3-BF4B-00C04F79EFBC}") = "TravelTheWorldMap", "TravelTheWorldMap\TravelTheWorldMap.csproj", "{34864A59-F453-4844-8080-C031B5462655}"
EndProject
Global
	GlobalSection(SolutionConfigurationPlatforms) = preSolution
		Debug|Any CPU = Debug|Any CPU
		Release|Any CPU = Release|Any CPU
	EndGlobalSection
	GlobalSection(ProjectConfigurationPlatforms) = postSolution
		{34864A59-F453-4844-8080-C031B5462655}.Debug|Any CPU.ActiveCfg = Debug|Any CPU
		{34864A59-F453-4844-8080-C031B5462655}.Debug|Any CPU.Build.0 = Debug|Any CPU
		{34864A59-F453-4844-8080-C031B5462655}.Release|Any CPU.ActiveCfg = Release|Any CPU
		{34864A59-F453-4844-8080-C031B5462655}.Release|Any CPU.Build.0 = Release|Any CPU
	EndGlobalSection
	GlobalSection(SolutionProperties) = preSolution
		HideSolutionNode = FALSE
	EndGlobalSection
	GlobalSection(ExtensibilityGlobals) = postSolution
		SolutionGuid = {CD1C0D8B-DA47-403F-91EC-E71BA0F33C70}
	EndGlobalSection
EndGlobal
