
Microsoft Visual Studio Solution File, Format Version 12.00
# Visual Studio Version 17
VisualStudioVersion = 17.14.36408.4 d17.14
MinimumVisualStudioVersion = 10.0.40219.1
Project("{FAE04EC0-301F-11D3-BF4B-00C04F79EFBC}") = "AceOf", "AceOf\AceOf.csproj", "{BB7FE160-7F20-4669-8BBF-61A5A08B65E8}"
EndProject
Global
	GlobalSection(SolutionConfigurationPlatforms) = preSolution
		Debug|Any CPU = Debug|Any CPU
		Release|Any CPU = Release|Any CPU
	EndGlobalSection
	GlobalSection(ProjectConfigurationPlatforms) = postSolution
		{BB7FE160-7F20-4669-8BBF-61A5A08B65E8}.Debug|Any CPU.ActiveCfg = Debug|Any CPU
		{BB7FE160-7F20-4669-8BBF-61A5A08B65E8}.Debug|Any CPU.Build.0 = Debug|Any CPU
		{BB7FE160-7F20-4669-8BBF-61A5A08B65E8}.Release|Any CPU.ActiveCfg = Release|Any CPU
		{BB7FE160-7F20-4669-8BBF-61A5A08B65E8}.Release|Any CPU.Build.0 = Release|Any CPU
	EndGlobalSection
	GlobalSection(SolutionProperties) = preSolution
		HideSolutionNode = FALSE
	EndGlobalSection
	GlobalSection(ExtensibilityGlobals) = postSolution
		SolutionGuid = {C9B8E6B5-E15C-4FAB-ACA3-08AD34D8C6CE}
	EndGlobalSection
EndGlobal
