
Microsoft Visual Studio Solution File, Format Version 12.00
# Visual Studio Version 17
VisualStudioVersion = 17.14.36414.22 d17.14
MinimumVisualStudioVersion = 10.0.40219.1
Project("{FAE04EC0-301F-11D3-BF4B-00C04F79EFBC}") = "SeasonsRPG", "SeasonsRPG\SeasonsRPG.csproj", "{EAD33395-D3B8-4A3B-82DE-29E821367ED4}"
EndProject
Global
	GlobalSection(SolutionConfigurationPlatforms) = preSolution
		Debug|Any CPU = Debug|Any CPU
		Release|Any CPU = Release|Any CPU
	EndGlobalSection
	GlobalSection(ProjectConfigurationPlatforms) = postSolution
		{EAD33395-D3B8-4A3B-82DE-29E821367ED4}.Debug|Any CPU.ActiveCfg = Debug|Any CPU
		{EAD33395-D3B8-4A3B-82DE-29E821367ED4}.Debug|Any CPU.Build.0 = Debug|Any CPU
		{EAD33395-D3B8-4A3B-82DE-29E821367ED4}.Release|Any CPU.ActiveCfg = Release|Any CPU
		{EAD33395-D3B8-4A3B-82DE-29E821367ED4}.Release|Any CPU.Build.0 = Release|Any CPU
	EndGlobalSection
	GlobalSection(SolutionProperties) = preSolution
		HideSolutionNode = FALSE
	EndGlobalSection
	GlobalSection(ExtensibilityGlobals) = postSolution
		SolutionGuid = {91CFC752-D4D5-432B-A63B-1FA2D089F253}
	EndGlobalSection
EndGlobal
