
Microsoft Visual Studio Solution File, Format Version 12.00
# Visual Studio Version 17
VisualStudioVersion = 17.14.36301.6 d17.14
MinimumVisualStudioVersion = 10.0.40219.1
Project("{FAE04EC0-301F-11D3-BF4B-00C04F79EFBC}") = "Tank-project", "Tank-project\Tank-project.csproj", "{99DFD875-608B-4858-AC24-1508F3CC8E4D}"
EndProject
Global
	GlobalSection(SolutionConfigurationPlatforms) = preSolution
		Debug|Any CPU = Debug|Any CPU
		Release|Any CPU = Release|Any CPU
	EndGlobalSection
	GlobalSection(ProjectConfigurationPlatforms) = postSolution
		{99DFD875-608B-4858-AC24-1508F3CC8E4D}.Debug|Any CPU.ActiveCfg = Debug|Any CPU
		{99DFD875-608B-4858-AC24-1508F3CC8E4D}.Debug|Any CPU.Build.0 = Debug|Any CPU
		{99DFD875-608B-4858-AC24-1508F3CC8E4D}.Release|Any CPU.ActiveCfg = Release|Any CPU
		{99DFD875-608B-4858-AC24-1508F3CC8E4D}.Release|Any CPU.Build.0 = Release|Any CPU
	EndGlobalSection
	GlobalSection(SolutionProperties) = preSolution
		HideSolutionNode = FALSE
	EndGlobalSection
	GlobalSection(ExtensibilityGlobals) = postSolution
		SolutionGuid = {20ED5D15-7D1E-47DC-A3CC-2AF962918C0C}
	EndGlobalSection
EndGlobal
