
Microsoft Visual Studio Solution File, Format Version 12.00
# Visual Studio Version 17
VisualStudioVersion = 17.5.2.0
MinimumVisualStudioVersion = 10.0.40219.1
Project("{FAE04EC0-301F-11D3-BF4B-00C04F79EFBC}") = "FractalDemo", "FractalDemo\FractalDemo.csproj", "{8F3510EE-B7FA-D961-0BF0-7AB819B87EBF}"
EndProject
Project("{FAE04EC0-301F-11D3-BF4B-00C04F79EFBC}") = "Fractal", "Fractal\Fractal.csproj", "{0A365A47-9847-48FD-8B3B-C24A78C8BDC4}"
EndProject
Global
	GlobalSection(SolutionConfigurationPlatforms) = preSolution
		Debug|Any CPU = Debug|Any CPU
		Debug|x64 = Debug|x64
		Debug|x86 = Debug|x86
		Release|Any CPU = Release|Any CPU
		Release|x64 = Release|x64
		Release|x86 = Release|x86
	EndGlobalSection
	GlobalSection(ProjectConfigurationPlatforms) = postSolution
		{8F3510EE-B7FA-D961-0BF0-7AB819B87EBF}.Debug|Any CPU.ActiveCfg = Debug|Any CPU
		{8F3510EE-B7FA-D961-0BF0-7AB819B87EBF}.Debug|Any CPU.Build.0 = Debug|Any CPU
		{8F3510EE-B7FA-D961-0BF0-7AB819B87EBF}.Debug|x64.ActiveCfg = Debug|Any CPU
		{8F3510EE-B7FA-D961-0BF0-7AB819B87EBF}.Debug|x64.Build.0 = Debug|Any CPU
		{8F3510EE-B7FA-D961-0BF0-7AB819B87EBF}.Debug|x86.ActiveCfg = Debug|Any CPU
		{8F3510EE-B7FA-D961-0BF0-7AB819B87EBF}.Debug|x86.Build.0 = Debug|Any CPU
		{8F3510EE-B7FA-D961-0BF0-7AB819B87EBF}.Release|Any CPU.ActiveCfg = Release|Any CPU
		{8F3510EE-B7FA-D961-0BF0-7AB819B87EBF}.Release|Any CPU.Build.0 = Release|Any CPU
		{8F3510EE-B7FA-D961-0BF0-7AB819B87EBF}.Release|x64.ActiveCfg = Release|Any CPU
		{8F3510EE-B7FA-D961-0BF0-7AB819B87EBF}.Release|x64.Build.0 = Release|Any CPU
		{8F3510EE-B7FA-D961-0BF0-7AB819B87EBF}.Release|x86.ActiveCfg = Release|Any CPU
		{8F3510EE-B7FA-D961-0BF0-7AB819B87EBF}.Release|x86.Build.0 = Release|Any CPU
		{0A365A47-9847-48FD-8B3B-C24A78C8BDC4}.Debug|Any CPU.ActiveCfg = Debug|Any CPU
		{0A365A47-9847-48FD-8B3B-C24A78C8BDC4}.Debug|Any CPU.Build.0 = Debug|Any CPU
		{0A365A47-9847-48FD-8B3B-C24A78C8BDC4}.Debug|x64.ActiveCfg = Debug|Any CPU
		{0A365A47-9847-48FD-8B3B-C24A78C8BDC4}.Debug|x64.Build.0 = Debug|Any CPU
		{0A365A47-9847-48FD-8B3B-C24A78C8BDC4}.Debug|x86.ActiveCfg = Debug|Any CPU
		{0A365A47-9847-48FD-8B3B-C24A78C8BDC4}.Debug|x86.Build.0 = Debug|Any CPU
		{0A365A47-9847-48FD-8B3B-C24A78C8BDC4}.Release|Any CPU.ActiveCfg = Release|Any CPU
		{0A365A47-9847-48FD-8B3B-C24A78C8BDC4}.Release|Any CPU.Build.0 = Release|Any CPU
		{0A365A47-9847-48FD-8B3B-C24A78C8BDC4}.Release|x64.ActiveCfg = Release|Any CPU
		{0A365A47-9847-48FD-8B3B-C24A78C8BDC4}.Release|x64.Build.0 = Release|Any CPU
		{0A365A47-9847-48FD-8B3B-C24A78C8BDC4}.Release|x86.ActiveCfg = Release|Any CPU
		{0A365A47-9847-48FD-8B3B-C24A78C8BDC4}.Release|x86.Build.0 = Release|Any CPU
	EndGlobalSection
	GlobalSection(SolutionProperties) = preSolution
		HideSolutionNode = FALSE
	EndGlobalSection
	GlobalSection(ExtensibilityGlobals) = postSolution
		SolutionGuid = {8ED2F60D-CE2C-4AA4-BA40-B31271F35BD3}
	EndGlobalSection
EndGlobal
